{
    "_meta": {
        "hash": {
            "sha256": "0d02ef30a71555e369b34051ba008f520f978ed518f5f7f8a47c50d75a956082"
        },
        "pipfile-spec": 6,
        "requires": {
            "python_version": "3.6"
        },
        "sources": [
            {
                "name": "pypi",
                "url": "https://pypi.org/simple",
                "verify_ssl": true
            }
        ]
    },
    "default": {
        "absl-py": {
            "hashes": [
                "sha256:afe94e3c751ff81aad55d33ab6e630390da32780110b5af72ae81ecff8418d9e",
                "sha256:b44f68984a5ceb2607d135a615999b93924c771238a63920d17d3387b0d229d5"
            ],
            "version": "==0.12.0"
        },
        "astor": {
            "hashes": [
                "sha256:070a54e890cefb5b3739d19f30f5a5ec840ffc9c50ffa7d23cc9fc1a38ebbfc5",
                "sha256:6a6effda93f4e1ce9f618779b2dd1d9d84f1e32812c23a29b3fff6fd7f63fa5e"
            ],
            "version": "==0.8.1"
        },
        "gast": {
            "hashes": [
                "sha256:fe939df4583692f0512161ec1c880e0a10e71e6a232da045ab8edd3756fbadf0"
            ],
            "version": "==0.2.2"
        },
        "google-pasta": {
            "hashes": [
                "sha256:4612951da876b1a10fe3960d7226f0c7682cf901e16ac06e473b267a5afa8954",
                "sha256:b32482794a366b5366a32c92a9a9201b107821889935a02b3e51f6b432ea84ed",
                "sha256:c9f2c8dfc8f96d0d5808299920721be30c9eec37f2389f28904f454565c8a16e"
            ],
            "version": "==0.2.0"
        },
        "grpcio": {
            "hashes": [
                "sha256:00f0acc463d9e6b1e74e71ce516c8cabd053619d08dd81765eb573492811de54",
                "sha256:04582b260ff0c953011819b1964e875139a7a43adb84621d3ab57f66d0f3d04e",
                "sha256:0634cd805c6725ab71bebaf3370da0e5d32339c26eb1b6ad0f73d64224e19ddf",
                "sha256:06cae65dc4557a445748092a61f2adb425ee472088a7e39826369f1f0ae9ffea",
                "sha256:14d7a15030a3f72cfd16dde8018d9f0e29e3f52cb566506dc942220b69b65de8",
                "sha256:1a167d39b1db6e1b29653d69938ff79936602e95863db897ff9eeab81366b304",
                "sha256:1c611a4d137a40f8a6803933dd77ab43f04cc54c27fb0e07483fd37b70e7dae6",
                "sha256:28f94700775ceca8820fa2c141501ec713e821de7362b966f8d7bf4d8e1eb93a",
                "sha256:3acfb47d930daec7127a7bc27a7e9c1c276d5e4ae3d2b04a4c7a33432712c811",
                "sha256:3da2b0b8afe3ef34c9e2f90329b1f170fc50db5c4d0bbe986946caa659e5ed17",
                "sha256:3e541240650f9173b4891f3e252234976199e487b9bd771e4f082403db50130d",
                "sha256:3eecf543aa66f7d8304f82854132df6116476279a8e3ba0665c5d93f1ef622de",
                "sha256:4408b2732fdf93f735ecb059193219528981d27483feaa822970226d5c66c143",
                "sha256:4eb3907fda03eda8bdb7d666f5371b6500a9054f355a547961da1ee231d2d6aa",
                "sha256:55fbdb9a2f81b28bd15af5c6e6669a2c8bb0bdb2add74c8818f9593a7428a164",
                "sha256:575b49cbdd7286df9f77451709060a4a311a9c8767e89cf4e28d3b3200893de4",
                "sha256:5784d1e4877345efb6655f6851809441478769558565d8291a54e1bd3f19548b",
                "sha256:5e11b7176e7c14675868b7c46b7aa2da0b184cf7c189348f3ad7c98829de07be",
                "sha256:5e598af1d64ece6a91797b2dcacaf2d537ffb1c0075ecd184c62976068ce1f09",
                "sha256:606f0bbfac3860cb6f23f8ebabb974c14db8797317a86d6df063b132f64318f9",
                "sha256:6986d58240addd69e001e2e0e97c4b198370dd575162ab4bb1e3ea3816103e75",
                "sha256:6c2798eaef4eebcf3f9d62b49652bc1110787c684861605d20fec842580f6cee",
                "sha256:810d488804291f22cb696692cfddf75b12bbc9d34beca0159d99103286ac0091",
                "sha256:8a0517e7a6784439a3730e50597bd64debf776692adea3c18f869a36454952e1",
                "sha256:91f91388e6f72a5d15161124458ad62387470f3a0a16b488db169232f79dd4d2",
                "sha256:93d990885d392f564ef95a97e0d6936cb09ee404418e8c986835a4d1786b882d",
                "sha256:96ca74522bcd979856d359fcca3128f760c69885d264dc22044fd1a468e0eb68",
                "sha256:96e3d85eb63d144656611eef4683f5b4003e1deec93bc2d6cbc5cf330f275a7e",
                "sha256:9b872b6c8ab618caa9bdee871c51021c7cc4890c141e7ee7bb6b923174bb299a",
                "sha256:9d389f4e008edbd91082baff37507bbf4b25afd6c239c8070071f8936466a374",
                "sha256:a89b5d2f64d588b46a8b77c04ada4c68ee1cfd0b7a148ff9108d72eefdc9b363",
                "sha256:a8b0914e6ac8987b8f59fcfb79519c5ce8df279b19d1c88bda2fc6e147821217",
                "sha256:aaf44d496fe53ca1414677cab73b7935d01006f0b8ab4a32ab18704643a80ab5",
                "sha256:adfef1a3994220bd39e5e2dd57714ca94c4c38c9015f2812a0b09b39f86ddbe0",
                "sha256:b36eeb8a29f214f876ddda563990267a8b35d0a6da587edfa97effa4cdf6e5bd",
                "sha256:b3ce16aa91569760fdabd77ca901b2288152eb16941d28edd9a3a75a0c4a8a85",
                "sha256:b4f3ddfed733264c4f6431302e5fbafdd9c03f166b98b04d16a058fae3101a5d",
                "sha256:b897b825fb464c940001a2cc1d631f418f5b071ccff64647148dbf99c775b98b",
                "sha256:c4f71341c20327bda9f8c28c35d1475af335bb27e591e7f6409d493b49e06223",
                "sha256:ca5c96c61289c001b9bcd607dcc1df3060eb8cc13088baf8a6e13268e4879a1f",
                "sha256:df142d51d7de3f8d13aaa78f7ddc7d74088226f92ec5aae8d98d8ae5d328f74b",
                "sha256:e0169f550dc9ba88da0bb60b8198437d9bd0e8600d600e3569cd3ba7d2ce0bc7",
                "sha256:e1a5322d63346afdda8ad7ff8cf9933a0ab029546395eae31af7cd27ef75e47b",
                "sha256:e86acc1462bc796df672568492d24c6b4e7692e3f58b873d56b215dc65553ae1",
                "sha256:ebbb2796ec138cb56373f328f5046ccb9e591046cd8aaccbb8af5bfc397d8b53",
                "sha256:efb928f1a3fd5889b9045c323077d2696937cf9cdb7d2e60b90caa7da5bd1ce9",
                "sha256:f16e40ea37600fe21b51651617867c46d26dcb3f25a5912b7e61c7199b3f5a9f",
                "sha256:fa6cfecbafbab8c4a229c42787b02cf58d0f128ad43c27b89c4df603b66d7f3c",
                "sha256:fb6588a47d096cdaa0815d108b714d3e273361bfe03bc47725ddb1fdeaa56061",
                "sha256:fe14c86c58190463f6e714637bba366874ca1e518ff1f82723d90765e6e39288"
            ],
            "version": "==1.37.0"
        },
        "h5py": {
            "hashes": [
                "sha256:063947eaed5f271679ed4ffa36bb96f57bc14f44dd4336a827d9a02702e6ce6b",
                "sha256:13c87efa24768a5e24e360a40e0bc4c49bcb7ce1bb13a3a7f9902cec302ccd36",
                "sha256:16ead3c57141101e3296ebeed79c9c143c32bdd0e82a61a2fc67e8e6d493e9d1",
                "sha256:3dad1730b6470fad853ef56d755d06bb916ee68a3d8272b3bab0c1ddf83bb99e",
                "sha256:51ae56894c6c93159086ffa2c94b5b3388c0400548ab26555c143e7cfa05b8e5",
                "sha256:54817b696e87eb9e403e42643305f142cd8b940fe9b3b490bbf98c3b8a894cf4",
                "sha256:549ad124df27c056b2e255ea1c44d30fb7a17d17676d03096ad5cd85edb32dc1",
                "sha256:64f74da4a1dd0d2042e7d04cf8294e04ddad686f8eba9bb79e517ae582f6668d",
                "sha256:6998be619c695910cb0effe5eb15d3a511d3d1a5d217d4bd0bebad1151ec2262",
                "sha256:6ef7ab1089e3ef53ca099038f3c0a94d03e3560e6aff0e9d6c64c55fb13fc681",
                "sha256:769e141512b54dee14ec76ed354fcacfc7d97fea5a7646b709f7400cf1838630",
                "sha256:79b23f47c6524d61f899254f5cd5e486e19868f1823298bc0c29d345c2447172",
                "sha256:7be5754a159236e95bd196419485343e2b5875e806fe68919e087b6351f40a70",
                "sha256:84412798925dc870ffd7107f045d7659e60f5d46d1c70c700375248bf6bf512d",
                "sha256:86868dc07b9cc8cb7627372a2e6636cdc7a53b7e2854ad020c9e9d8a4d3fd0f5",
                "sha256:8bb1d2de101f39743f91512a9750fb6c351c032e5cd3204b4487383e34da7f75",
                "sha256:a5f82cd4938ff8761d9760af3274acf55afc3c91c649c50ab18fcff5510a14a5",
                "sha256:aac4b57097ac29089f179bbc2a6e14102dd210618e94d77ee4831c65f82f17c0",
                "sha256:bffbc48331b4a801d2f4b7dac8a72609f0b10e6e516e5c480a3e3241e091c878",
                "sha256:c0d4b04bbf96c47b6d360cd06939e72def512b20a18a8547fa4af810258355d5",
                "sha256:c54a2c0dd4957776ace7f95879d81582298c5daf89e77fb8bee7378f132951de",
                "sha256:cbf28ae4b5af0f05aa6e7551cee304f1d317dbed1eb7ac1d827cee2f1ef97a99",
                "sha256:d35f7a3a6cefec82bfdad2785e78359a0e6a5fbb3f605dd5623ce88082ccd681",
                "sha256:d3c59549f90a891691991c17f8e58c8544060fdf3ccdea267100fa5f561ff62f",
                "sha256:d7ae7a0576b06cb8e8a1c265a8bc4b73d05fdee6429bffc9a26a6eb531e79d72",
                "sha256:ecf4d0b56ee394a0984de15bceeb97cbe1fe485f1ac205121293fc44dcf3f31f",
                "sha256:f0e25bb91e7a02efccb50aba6591d3fe2c725479e34769802fcdd4076abfa917",
                "sha256:f23951a53d18398ef1344c186fb04b26163ca6ce449ebd23404b153fd111ded9",
                "sha256:ff7d241f866b718e4584fa95f520cb19405220c501bd3a53ee11871ba5166ea2"
            ],
            "index": "pypi",
            "version": "==2.10.0"
        },
        "importlib-metadata": {
            "hashes": [
                "sha256:8c501196e49fb9df5df43833bdb1e4328f64847763ec8a50703148b73784d581",
                "sha256:d7eb1dea6d6a6086f8be21784cc9e3bcfa55872b52309bc5fad53a8ea444465d"
            ],
            "markers": "python_version < '3.8'",
            "version": "==4.0.1"
        },
        "keras": {
            "hashes": [
                "sha256:0fb448b95643a708d25d2394183a2f3a84eefb55fb64917152a46826990113ea",
                "sha256:5a75cfdf69c6cb9de81a82aa19542ac69a5c2e78a48a58c1649fc5cdb55c917c"
            ],
            "index": "pypi",
            "version": "==2.2.5"
        },
        "keras-applications": {
            "hashes": [
                "sha256:5579f9a12bcde9748f4a12233925a59b93b73ae6947409ff34aa2ba258189fe5",
                "sha256:df4323692b8c1174af821bf906f1e442e63fa7589bf0f1230a0b6bdc5a810c95"
            ],
            "version": "==1.0.8"
        },
        "keras-preprocessing": {
            "hashes": [
                "sha256:7b82029b130ff61cc99b55f3bd27427df4838576838c5b2f65940e4fcec99a7b",
                "sha256:add82567c50c8bc648c14195bf544a5ce7c1f76761536956c3d2978970179ef3"
            ],
            "version": "==1.1.2"
        },
        "markdown": {
            "hashes": [
                "sha256:31b5b491868dcc87d6c24b7e3d19a0d730d59d3e46f4eea6430a321bed387a49",
                "sha256:96c3ba1261de2f7547b46a00ea8463832c921d3f9d6aba3f255a6f71386db20c"
            ],
            "version": "==3.3.4"
        },
        "numpy": {
            "hashes": [
                "sha256:0172304e7d8d40e9e49553901903dc5f5a49a703363ed756796f5808a06fc233",
                "sha256:34e96e9dae65c4839bd80012023aadd6ee2ccb73ce7fdf3074c62f301e63120b",
                "sha256:3676abe3d621fc467c4c1469ee11e395c82b2d6b5463a9454e37fe9da07cd0d7",
                "sha256:3dd6823d3e04b5f223e3e265b4a1eae15f104f4366edd409e5a5e413a98f911f",
                "sha256:4064f53d4cce69e9ac613256dc2162e56f20a4e2d2086b1956dd2fcf77b7fac5",
                "sha256:4674f7d27a6c1c52a4d1aa5f0881f1eff840d2206989bae6acb1c7668c02ebfb",
                "sha256:7d42ab8cedd175b5ebcb39b5208b25ba104842489ed59fbb29356f671ac93583",
                "sha256:965df25449305092b23d5145b9bdaeb0149b6e41a77a7d728b1644b3c99277c1",
                "sha256:9c9d6531bc1886454f44aa8f809268bc481295cf9740827254f53c30104f074a",
                "sha256:a78e438db8ec26d5d9d0e584b27ef25c7afa5a182d1bf4d05e313d2d6d515271",
                "sha256:a7acefddf994af1aeba05bbbafe4ba983a187079f125146dc5859e6d817df824",
                "sha256:a87f59508c2b7ceb8631c20630118cc546f1f815e034193dc72390db038a5cb3",
                "sha256:ac792b385d81151bae2a5a8adb2b88261ceb4976dbfaaad9ce3a200e036753dc",
                "sha256:b03b2c0badeb606d1232e5f78852c102c0a7989d3a534b3129e7856a52f3d161",
                "sha256:b39321f1a74d1f9183bf1638a745b4fd6fe80efbb1f6b32b932a588b4bc7695f",
                "sha256:cae14a01a159b1ed91a324722d746523ec757357260c6804d11d6147a9e53e3f",
                "sha256:cd49930af1d1e49a812d987c2620ee63965b619257bd76eaaa95870ca08837cf",
                "sha256:e15b382603c58f24265c9c931c9a45eebf44fe2e6b4eaedbb0d025ab3255228b",
                "sha256:e91d31b34fc7c2c8f756b4e902f901f856ae53a93399368d9a0dc7be17ed2ca0",
                "sha256:ef627986941b5edd1ed74ba89ca43196ed197f1a206a3f18cc9faf2fb84fd675",
                "sha256:f718a7949d1c4f622ff548c572e0c03440b49b9531ff00e4ed5738b459f011e8"
            ],
            "index": "pypi",
            "version": "==1.18.5"
        },
        "opt-einsum": {
            "hashes": [
                "sha256:2455e59e3947d3c275477df7f5205b30635e266fe6dc300e3d9f9646bfcea147",
                "sha256:59f6475f77bbc37dcf7cd748519c0ec60722e91e63ca114e68821c0c54a46549"
            ],
            "version": "==3.3.0"
        },
        "pillow": {
            "hashes": [
                "sha256:01425106e4e8cee195a411f729cff2a7d61813b0b11737c12bd5991f5f14bcd5",
                "sha256:031a6c88c77d08aab84fecc05c3cde8414cd6f8406f4d2b16fed1e97634cc8a4",
                "sha256:083781abd261bdabf090ad07bb69f8f5599943ddb539d64497ed021b2a67e5a9",
                "sha256:0d19d70ee7c2ba97631bae1e7d4725cdb2ecf238178096e8c82ee481e189168a",
                "sha256:0e04d61f0064b545b989126197930807c86bcbd4534d39168f4aa5fda39bb8f9",
                "sha256:12e5e7471f9b637762453da74e390e56cc43e486a88289995c1f4c1dc0bfe727",
                "sha256:22fd0f42ad15dfdde6c581347eaa4adb9a6fc4b865f90b23378aa7914895e120",
                "sha256:238c197fc275b475e87c1453b05b467d2d02c2915fdfdd4af126145ff2e4610c",
                "sha256:3b570f84a6161cf8865c4e08adf629441f56e32f180f7aa4ccbd2e0a5a02cba2",
                "sha256:463822e2f0d81459e113372a168f2ff59723e78528f91f0bd25680ac185cf797",
                "sha256:4d98abdd6b1e3bf1a1cbb14c3895226816e666749ac040c4e2554231068c639b",
                "sha256:5afe6b237a0b81bd54b53f835a153770802f164c5570bab5e005aad693dab87f",
                "sha256:5b70110acb39f3aff6b74cf09bb4169b167e2660dabc304c1e25b6555fa781ef",
                "sha256:5cbf3e3b1014dddc45496e8cf38b9f099c95a326275885199f427825c6522232",
                "sha256:624b977355cde8b065f6d51b98497d6cd5fbdd4f36405f7a8790e3376125e2bb",
                "sha256:63728564c1410d99e6d1ae8e3b810fe012bc440952168af0a2877e8ff5ab96b9",
                "sha256:66cc56579fd91f517290ab02c51e3a80f581aba45fd924fcdee01fa06e635812",
                "sha256:6c32cc3145928c4305d142ebec682419a6c0a8ce9e33db900027ddca1ec39178",
                "sha256:8bb1e155a74e1bfbacd84555ea62fa21c58e0b4e7e6b20e4447b8d07990ac78b",
                "sha256:95d5ef984eff897850f3a83883363da64aae1000e79cb3c321915468e8c6add5",
                "sha256:a013cbe25d20c2e0c4e85a9daf438f85121a4d0344ddc76e33fd7e3965d9af4b",
                "sha256:a787ab10d7bb5494e5f76536ac460741788f1fbce851068d73a87ca7c35fc3e1",
                "sha256:a7d5e9fad90eff8f6f6106d3b98b553a88b6f976e51fce287192a5d2d5363713",
                "sha256:aac00e4bc94d1b7813fe882c28990c1bc2f9d0e1aa765a5f2b516e8a6a16a9e4",
                "sha256:b91c36492a4bbb1ee855b7d16fe51379e5f96b85692dc8210831fbb24c43e484",
                "sha256:c03c07ed32c5324939b19e36ae5f75c660c81461e312a41aea30acdd46f93a7c",
                "sha256:c5236606e8570542ed424849f7852a0ff0bce2c4c8d0ba05cc202a5a9c97dee9",
                "sha256:c6b39294464b03457f9064e98c124e09008b35a62e3189d3513e5148611c9388",
                "sha256:cb7a09e173903541fa888ba010c345893cd9fc1b5891aaf060f6ca77b6a3722d",
                "sha256:d68cb92c408261f806b15923834203f024110a2e2872ecb0bd2a110f89d3c602",
                "sha256:dc38f57d8f20f06dd7c3161c59ca2c86893632623f33a42d592f097b00f720a9",
                "sha256:e98eca29a05913e82177b3ba3d198b1728e164869c613d76d0de4bde6768a50e",
                "sha256:f217c3954ce5fd88303fc0c317af55d5e0204106d86dea17eb8205700d47dec2"
            ],
            "index": "pypi",
            "version": "==8.2.0"
        },
        "protobuf": {
            "hashes": [
                "sha256:0277f62b1e42210cafe79a71628c1d553348da81cbd553402a7f7549c50b11d0",
                "sha256:07eec4e2ccbc74e95bb9b3afe7da67957947ee95bdac2b2e91b038b832dd71f0",
                "sha256:1c0e9e56202b9dccbc094353285a252e2b7940b74fdf75f1b4e1b137833fabd7",
                "sha256:1f0b5d156c3df08cc54bc2c8b8b875648ea4cd7ebb2a9a130669f7547ec3488c",
                "sha256:2dc0e8a9e4962207bdc46a365b63a3f1aca6f9681a5082a326c5837ef8f4b745",
                "sha256:3053f13207e7f13dc7be5e9071b59b02020172f09f648e85dc77e3fcb50d1044",
                "sha256:4a054b0b5900b7ea7014099e783fb8c4618e4209fffcd6050857517b3f156e18",
                "sha256:510e66491f1a5ac5953c908aa8300ec47f793130097e4557482803b187a8ee05",
                "sha256:5ff9fa0e67fcab442af9bc8d4ec3f82cb2ff3be0af62dba047ed4187f0088b7d",
                "sha256:90270fe5732c1f1ff664a3bd7123a16456d69b4e66a09a139a00443a32f210b8",
                "sha256:a0a08c6b2e6d6c74a6eb5bf6184968eefb1569279e78714e239d33126e753403",
                "sha256:c5566f956a26cda3abdfacc0ca2e21db6c9f3d18f47d8d4751f2209d6c1a5297",
                "sha256:dab75b56a12b1ceb3e40808b5bd9dfdaef3a1330251956e6744e5b6ed8f8830b",
                "sha256:efa4c4d4fc9ba734e5e85eaced70e1b63fb3c8d08482d839eb838566346f1737",
                "sha256:f17b352d7ce33c81773cf81d536ca70849de6f73c96413f17309f4b43ae7040b",
                "sha256:f42c2f5fb67da5905bfc03733a311f72fa309252bcd77c32d1462a1ad519521e",
                "sha256:f6077db37bfa16494dca58a4a02bfdacd87662247ad6bc1f7f8d13ff3f0013e1",
                "sha256:f80afc0a0ba13339bbab25ca0409e9e2836b12bb012364c06e97c2df250c3343",
                "sha256:f9cadaaa4065d5dd4d15245c3b68b967b3652a3108e77f292b58b8c35114b56c",
                "sha256:fad4f971ec38d8df7f4b632c819bf9bbf4f57cfd7312cf526c69ce17ef32436a"
            ],
            "version": "==3.15.8"
        },
        "pyyaml": {
            "hashes": [
                "sha256:08682f6b72c722394747bddaf0aa62277e02557c0fd1c42cb853016a38f8dedf",
                "sha256:0f5f5786c0e09baddcd8b4b45f20a7b5d61a7e7e99846e3c799b05c7c53fa696",
                "sha256:129def1b7c1bf22faffd67b8f3724645203b79d8f4cc81f674654d9902cb4393",
                "sha256:294db365efa064d00b8d1ef65d8ea2c3426ac366c0c4368d930bf1c5fb497f77",
                "sha256:3b2b1824fe7112845700f815ff6a489360226a5609b96ec2190a45e62a9fc922",
                "sha256:3bd0e463264cf257d1ffd2e40223b197271046d09dadf73a0fe82b9c1fc385a5",
                "sha256:4465124ef1b18d9ace298060f4eccc64b0850899ac4ac53294547536533800c8",
                "sha256:49d4cdd9065b9b6e206d0595fee27a96b5dd22618e7520c33204a4a3239d5b10",
                "sha256:4e0583d24c881e14342eaf4ec5fbc97f934b999a6828693a99157fde912540cc",
                "sha256:5accb17103e43963b80e6f837831f38d314a0495500067cb25afab2e8d7a4018",
                "sha256:607774cbba28732bfa802b54baa7484215f530991055bb562efbed5b2f20a45e",
                "sha256:6c78645d400265a062508ae399b60b8c167bf003db364ecb26dcab2bda048253",
                "sha256:72a01f726a9c7851ca9bfad6fd09ca4e090a023c00945ea05ba1638c09dc3347",
                "sha256:74c1485f7707cf707a7aef42ef6322b8f97921bd89be2ab6317fd782c2d53183",
                "sha256:895f61ef02e8fed38159bb70f7e100e00f471eae2bc838cd0f4ebb21e28f8541",
                "sha256:8c1be557ee92a20f184922c7b6424e8ab6691788e6d86137c5d93c1a6ec1b8fb",
                "sha256:bb4191dfc9306777bc594117aee052446b3fa88737cd13b7188d0e7aa8162185",
                "sha256:bfb51918d4ff3d77c1c856a9699f8492c612cde32fd3bcd344af9be34999bfdc",
                "sha256:c20cfa2d49991c8b4147af39859b167664f2ad4561704ee74c1de03318e898db",
                "sha256:cb333c16912324fd5f769fff6bc5de372e9e7a202247b48870bc251ed40239aa",
                "sha256:d2d9808ea7b4af864f35ea216be506ecec180628aced0704e34aca0b040ffe46",
                "sha256:d483ad4e639292c90170eb6f7783ad19490e7a8defb3e46f97dfe4bacae89122",
                "sha256:dd5de0646207f053eb0d6c74ae45ba98c3395a571a2891858e87df7c9b9bd51b",
                "sha256:e1d4970ea66be07ae37a3c2e48b5ec63f7ba6804bdddfdbd3cfd954d25a82e63",
                "sha256:e4fac90784481d221a8e4b1162afa7c47ed953be40d31ab4629ae917510051df",
                "sha256:fa5ae20527d8e831e8230cbffd9f8fe952815b2b7dae6ffec25318803a7528fc",
                "sha256:fd7f6999a8070df521b6384004ef42833b9bd62cfee11a09bda1079b4b704247",
                "sha256:fdc842473cd33f45ff6bce46aea678a54e3d21f1b61a7750ce3c498eedfe25d6",
                "sha256:fe69978f3f768926cfa37b867e3843918e012cf83f680806599ddce33c2c68b0"
            ],
            "index": "pypi",
            "version": "==5.4.1"
        },
        "scipy": {
            "hashes": [
                "sha256:168c45c0c32e23f613db7c9e4e780bc61982d71dcd406ead746c7c7c2f2004ce",
                "sha256:213bc59191da2f479984ad4ec39406bf949a99aba70e9237b916ce7547b6ef42",
                "sha256:25b241034215247481f53355e05f9e25462682b13bd9191359075682adcd9554",
                "sha256:2c872de0c69ed20fb1a9b9cf6f77298b04a26f0b8720a5457be08be254366c6e",
                "sha256:3397c129b479846d7eaa18f999369a24322d008fac0782e7828fa567358c36ce",
                "sha256:368c0f69f93186309e1b4beb8e26d51dd6f5010b79264c0f1e9ca00cd92ea8c9",
                "sha256:3d5db5d815370c28d938cf9b0809dade4acf7aba57eaf7ef733bfedc9b2474c4",
                "sha256:4598cf03136067000855d6b44d7a1f4f46994164bcd450fb2c3d481afc25dd06",
                "sha256:4a453d5e5689de62e5d38edf40af3f17560bfd63c9c5bd228c18c1f99afa155b",
                "sha256:4f12d13ffbc16e988fa40809cbbd7a8b45bc05ff6ea0ba8e3e41f6f4db3a9e47",
                "sha256:634568a3018bc16a83cda28d4f7aed0d803dd5618facb36e977e53b2df868443",
                "sha256:65923bc3809524e46fb7eb4d6346552cbb6a1ffc41be748535aa502a2e3d3389",
                "sha256:6b0ceb23560f46dd236a8ad4378fc40bad1783e997604ba845e131d6c680963e",
                "sha256:8c8d6ca19c8497344b810b0b0344f8375af5f6bb9c98bd42e33f747417ab3f57",
                "sha256:9ad4fcddcbf5dc67619379782e6aeef41218a79e17979aaed01ed099876c0e62",
                "sha256:a254b98dbcc744c723a838c03b74a8a34c0558c9ac5c86d5561703362231107d",
                "sha256:b03c4338d6d3d299e8ca494194c0ae4f611548da59e3c038813f1a43976cb437",
                "sha256:cc1f78ebc982cd0602c9a7615d878396bec94908db67d4ecddca864d049112f2",
                "sha256:d6d25c41a009e3c6b7e757338948d0076ee1dd1770d1c09ec131f11946883c54",
                "sha256:d84cadd7d7998433334c99fa55bcba0d8b4aeff0edb123b2a1dfcface538e474",
                "sha256:e360cb2299028d0b0d0f65a5c5e51fc16a335f1603aa2357c25766c8dab56938",
                "sha256:e98d49a5717369d8241d6cf33ecb0ca72deee392414118198a8e5b4c35c56340",
                "sha256:ed572470af2438b526ea574ff8f05e7f39b44ac37f712105e57fc4d53a6fb660",
                "sha256:f87b39f4d69cf7d7529d7b1098cb712033b17ea7714aed831b95628f483fd012",
                "sha256:fa789583fc94a7689b45834453fec095245c7e69c58561dc159b5d5277057e4c"
            ],
            "index": "pypi",
            "version": "==1.5.4"
        },
        "six": {
            "hashes": [
                "sha256:30639c035cdb23534cd4aa2dd52c3bf48f06e5f4a941509c8bafd8ce11080259",
                "sha256:8b74bedcbbbaca38ff6d7491d76f2b06b3592611af620f8426e82dddb04a5ced"
            ],
            "index": "pypi",
            "version": "==1.15.0"
        },
        "tensorboard": {
            "hashes": [
                "sha256:4cad2c65f6011e51609b463014c014fd7c6ddd9c1263af1d4f18dd97ed88c2bc",
                "sha256:612b789386aa1b2c4804e1961273b37f8e4dd97613f98bc90ff0402d24627f50"
            ],
            "version": "==1.15.0"
        },
        "tensorflow": {
            "hashes": [
                "sha256:030453973e837301d08ab1a5cbd4adc87876216843861c71bc6429769ec596b0",
                "sha256:29831dda98d668067de75403b2fca0d06a2f026ef6f217fa2ca873c20b4ee4d3",
                "sha256:530c35578b48462df88253e9196f7fbe1815e2932a340295b025072b58d6e3da",
                "sha256:64c7c3ff7e7506a3b4d48174e9217066a99be59a1d18463a585f3145bad59f0b",
                "sha256:c9c73bb0302dbfd7d4a76dc7024ff58b23016633e2ce8295a4ec213d75e51f1f",
                "sha256:ef95b6b5b9d408a0181575b0ae82ab1fbd99474a528c546d01939bff26de681a"
            ],
            "index": "pypi",
            "version": "==1.15.5"
        },
        "tensorflow-estimator": {
            "hashes": [
                "sha256:8853bfb7c3c96fbdc80b3d66c37a10af6ccbcd235dc87474764270c02a0f86b9"
            ],
            "version": "==1.15.1"
        },
        "termcolor": {
            "hashes": [
                "sha256:1d6d69ce66211143803fbc56652b41d73b4a400a2891d7bf7a1cdf4c02de613b"
            ],
            "version": "==1.1.0"
        },
        "typing-extensions": {
            "hashes": [
                "sha256:7cb407020f00f7bfc3cb3e7881628838e69d8f3fcab2f64742a5e76b2f841918",
                "sha256:99d4073b617d30288f569d3f13d2bd7548c3a7e4c8de87db09a9d29bb3a4a60c",
                "sha256:dafc7639cde7f1b6e1acc0f457842a83e722ccca8eef5270af2d74792619a89f"
            ],
            "markers": "python_version < '3.8'",
            "version": "==3.7.4.3"
        },
        "werkzeug": {
            "hashes": [
                "sha256:2de2a5db0baeae7b2d2664949077c2ac63fbd16d98da0ff71837f7d1dea3fd43",
                "sha256:6c80b1e5ad3665290ea39320b91e1be1e0d5f60652b964a3070216de83d2e47c"
            ],
            "version": "==1.0.1"
        },
        "wheel": {
            "hashes": [
                "sha256:78b5b185f0e5763c26ca1e324373aadd49182ca90e825f7853f4b2509215dc0e",
                "sha256:e11eefd162658ea59a60a0f6c7d493a7190ea4b9a85e335b33489d9f17e0245e"
            ],
            "markers": "python_version >= '3'",
            "version": "==0.36.2"
        },
        "wrapt": {
            "hashes": [
                "sha256:b62ffa81fb85f4332a4f609cab4ac40709470da05643a082ec1eb88e6d9b97d7"
            ],
            "version": "==1.12.1"
        },
        "zipp": {
            "hashes": [
                "sha256:3607921face881ba3e026887d8150cca609d517579abe052ac81fc5aeffdbd76",
                "sha256:51cb66cc54621609dd593d1787f286ee42a5c0adbb4b29abea5a63edc3e03098"
            ],
            "version": "==3.4.1"
        }
    },
    "develop": {}
}
