{
    "_meta": {
        "hash": {
            "sha256": "7fff71b1ebc47a7712d5c02da9944b094438ba1544d4da4ab104fd9f2fb99ee6"
        },
        "pipfile-spec": 6,
        "requires": {
            "python_version": "3.8"
        },
        "sources": [
            {
                "name": "pypi",
                "url": "https://pypi.org/simple",
                "verify_ssl": true
            }
        ]
    },
    "default": {
        "absl-py": {
            "hashes": [
                "sha256:afe94e3c751ff81aad55d33ab6e630390da32780110b5af72ae81ecff8418d9e",
                "sha256:b44f68984a5ceb2607d135a615999b93924c771238a63920d17d3387b0d229d5"
            ],
            "version": "==0.12.0"
        },
        "astunparse": {
            "hashes": [
                "sha256:5ad93a8456f0d084c3456d059fd9a92cce667963232cbf763eac3bc5b7940872",
                "sha256:c2652417f2c8b5bb325c885ae329bdf3f86424075c4fd1a128674bc6fba4b8e8"
            ],
            "version": "==1.6.3"
        },
        "cachetools": {
            "hashes": [
                "sha256:2cc0b89715337ab6dbba85b5b50effe2b0c74e035d83ee8ed637cf52f12ae001",
                "sha256:61b5ed1e22a0924aed1d23b478f37e8d52549ff8a961de2909c69bf950020cff"
            ],
            "version": "==4.2.2"
        },
        "certifi": {
            "hashes": [
                "sha256:1a4995114262bffbc2413b159f2a1a480c969de6e6eb13ee966d470af86af59c",
                "sha256:719a74fb9e33b9bd44cc7f3a8d94bc35e4049deebe19ba7d8e108280cfd59830"
            ],
            "version": "==2020.12.5"
        },
        "chardet": {
            "hashes": [
                "sha256:0d6f53a15db4120f2b08c94f11e7d93d2c911ee118b6b30a04ec3ee8310179fa",
                "sha256:f864054d66fd9118f2e67044ac8981a54775ec5b67aed0441892edb553d21da5"
            ],
            "version": "==4.0.0"
        },
        "flatbuffers": {
            "hashes": [
                "sha256:63bb9a722d5e373701913e226135b28a6f6ac200d5cc7b4d919fa38d73b44610",
                "sha256:9e9ef47fa92625c4721036e7c4124182668dc6021d9e7c73704edd395648deb9"
            ],
            "version": "==1.12"
        },
        "gast": {
            "hashes": [
                "sha256:8f46f5be57ae6889a4e16e2ca113b1703ef17f2b0abceb83793eaba9e1351a45",
                "sha256:b881ef288a49aa81440d2c5eb8aeefd4c2bb8993d5f50edae7413a85bfdb3b57"
            ],
            "version": "==0.3.3"
        },
        "google-auth": {
            "hashes": [
                "sha256:588bdb03a41ecb4978472b847881e5518b5d9ec6153d3d679aa127a55e13b39f",
                "sha256:9ad25fba07f46a628ad4d0ca09f38dcb262830df2ac95b217f9b0129c9e42206"
            ],
            "version": "==1.30.0"
        },
        "google-auth-oauthlib": {
            "hashes": [
                "sha256:09832c6e75032f93818edf1affe4746121d640c625a5bef9b5c96af676e98eee",
                "sha256:0e92aacacfb94978de3b7972cf4b0f204c3cd206f74ddd0dc0b31e91164e6317"
            ],
            "version": "==0.4.4"
        },
        "google-pasta": {
            "hashes": [
                "sha256:4612951da876b1a10fe3960d7226f0c7682cf901e16ac06e473b267a5afa8954",
                "sha256:b32482794a366b5366a32c92a9a9201b107821889935a02b3e51f6b432ea84ed",
                "sha256:c9f2c8dfc8f96d0d5808299920721be30c9eec37f2389f28904f454565c8a16e"
            ],
            "version": "==0.2.0"
        },
        "grpcio": {
            "hashes": [
                "sha256:01d3046fe980be25796d368f8fc5ff34b7cf5e1444f3789a017a7fe794465639",
                "sha256:07b430fa68e5eecd78e2ad529ab80f6a234b55fc1b675fe47335ccbf64c6c6c8",
                "sha256:0e3edd8cdb71809d2455b9dbff66b4dd3d36c321e64bfa047da5afdfb0db332b",
                "sha256:0f3f09269ffd3fded430cd89ba2397eabbf7e47be93983b25c187cdfebb302a7",
                "sha256:1376a60f9bfce781b39973f100b5f67e657b5be479f2fd8a7d2a408fc61c085c",
                "sha256:14c0f017bfebbc18139551111ac58ecbde11f4bc375b73a53af38927d60308b6",
                "sha256:182c64ade34c341398bf71ec0975613970feb175090760ab4f51d1e9a5424f05",
                "sha256:1ada89326a364a299527c7962e5c362dbae58c67b283fe8383c4d952b26565d5",
                "sha256:1ce6f5ff4f4a548c502d5237a071fa617115df58ea4b7bd41dac77c1ab126e9c",
                "sha256:1d384a61f96a1fc6d5d3e0b62b0a859abc8d4c3f6d16daba51ebf253a3e7df5d",
                "sha256:25959a651420dd4a6fd7d3e8dee53f4f5fd8c56336a64963428e78b276389a59",
                "sha256:28677f057e2ef11501860a7bc15de12091d40b95dd0fddab3c37ff1542e6b216",
                "sha256:378fe80ec5d9353548eb2a8a43ea03747a80f2e387c4f177f2b3ff6c7d898753",
                "sha256:3afb058b6929eba07dba9ae6c5b555aa1d88cb140187d78cc510bd72d0329f28",
                "sha256:4396b1d0f388ae875eaf6dc05cdcb612c950fd9355bc34d38b90aaa0665a0d4b",
                "sha256:4775bc35af9cd3b5033700388deac2e1d611fa45f4a8dcb93667d94cb25f0444",
                "sha256:5bddf9d53c8df70061916c3bfd2f468ccf26c348bb0fb6211531d895ed5e4c72",
                "sha256:6d869a3e8e62562b48214de95e9231c97c53caa7172802236cd5d60140d7cddd",
                "sha256:6f7947dad606c509d067e5b91a92b250aa0530162ab99e4737090f6b17eb12c4",
                "sha256:7cda998b7b551503beefc38db9be18c878cfb1596e1418647687575cdefa9273",
                "sha256:99bac0e2c820bf446662365df65841f0c2a55b0e2c419db86eaf5d162ddae73e",
                "sha256:9c0d8f2346c842088b8cbe3e14985b36e5191a34bf79279ba321a4bf69bd88b7",
                "sha256:a8004b34f600a8a51785e46859cd88f3386ef67cccd1cfc7598e3d317608c643",
                "sha256:ac7028d363d2395f3d755166d0161556a3f99500a5b44890421ccfaaf2aaeb08",
                "sha256:be98e3198ec765d0a1e27f69d760f69374ded8a33b953dcfe790127731f7e690",
                "sha256:c31e8a219650ddae1cd02f5a169e1bffe66a429a8255d3ab29e9363c73003b62",
                "sha256:c4966d746dccb639ef93f13560acbe9630681c07f2b320b7ec03fe2c8f0a1f15",
                "sha256:c58825a3d8634cd634d8f869afddd4d5742bdb59d594aea4cea17b8f39269a55",
                "sha256:ce617e1c4a39131f8527964ac9e700eb199484937d7a0b3e52655a3ba50d5fb9",
                "sha256:e28e4c0d4231beda5dee94808e3a224d85cbaba3cfad05f2192e6f4ec5318053",
                "sha256:e467af6bb8f5843f5a441e124b43474715cfb3981264e7cd227343e826dcc3ce",
                "sha256:e6786f6f7be0937614577edcab886ddce91b7c1ea972a07ef9972e9f9ecbbb78",
                "sha256:e811ce5c387256609d56559d944a974cc6934a8eea8c76e7c86ec388dc06192d",
                "sha256:ec10d5f680b8e95a06f1367d73c5ddcc0ed04a3f38d6e4c9346988fb0cea2ffa",
                "sha256:ef9bd7fdfc0a063b4ed0efcab7906df5cae9bbcf79d05c583daa2eba56752b00",
                "sha256:f03dfefa9075dd1c6c5cc27b1285c521434643b09338d8b29e1d6a27b386aa82",
                "sha256:f12900be4c3fd2145ba94ab0d80b7c3d71c9e6414cfee2f31b1c20188b5c281f",
                "sha256:f53f2dfc8ff9a58a993e414a016c8b21af333955ae83960454ad91798d467c7b",
                "sha256:f7d508691301027033215d3662dab7e178f54d5cca2329f26a71ae175d94b83f"
            ],
            "version": "==1.32.0"
        },
        "h5py": {
            "hashes": [
                "sha256:063947eaed5f271679ed4ffa36bb96f57bc14f44dd4336a827d9a02702e6ce6b",
                "sha256:13c87efa24768a5e24e360a40e0bc4c49bcb7ce1bb13a3a7f9902cec302ccd36",
                "sha256:16ead3c57141101e3296ebeed79c9c143c32bdd0e82a61a2fc67e8e6d493e9d1",
                "sha256:3dad1730b6470fad853ef56d755d06bb916ee68a3d8272b3bab0c1ddf83bb99e",
                "sha256:51ae56894c6c93159086ffa2c94b5b3388c0400548ab26555c143e7cfa05b8e5",
                "sha256:54817b696e87eb9e403e42643305f142cd8b940fe9b3b490bbf98c3b8a894cf4",
                "sha256:549ad124df27c056b2e255ea1c44d30fb7a17d17676d03096ad5cd85edb32dc1",
                "sha256:64f74da4a1dd0d2042e7d04cf8294e04ddad686f8eba9bb79e517ae582f6668d",
                "sha256:6998be619c695910cb0effe5eb15d3a511d3d1a5d217d4bd0bebad1151ec2262",
                "sha256:6ef7ab1089e3ef53ca099038f3c0a94d03e3560e6aff0e9d6c64c55fb13fc681",
                "sha256:769e141512b54dee14ec76ed354fcacfc7d97fea5a7646b709f7400cf1838630",
                "sha256:79b23f47c6524d61f899254f5cd5e486e19868f1823298bc0c29d345c2447172",
                "sha256:7be5754a159236e95bd196419485343e2b5875e806fe68919e087b6351f40a70",
                "sha256:84412798925dc870ffd7107f045d7659e60f5d46d1c70c700375248bf6bf512d",
                "sha256:86868dc07b9cc8cb7627372a2e6636cdc7a53b7e2854ad020c9e9d8a4d3fd0f5",
                "sha256:8bb1d2de101f39743f91512a9750fb6c351c032e5cd3204b4487383e34da7f75",
                "sha256:a5f82cd4938ff8761d9760af3274acf55afc3c91c649c50ab18fcff5510a14a5",
                "sha256:aac4b57097ac29089f179bbc2a6e14102dd210618e94d77ee4831c65f82f17c0",
                "sha256:bffbc48331b4a801d2f4b7dac8a72609f0b10e6e516e5c480a3e3241e091c878",
                "sha256:c0d4b04bbf96c47b6d360cd06939e72def512b20a18a8547fa4af810258355d5",
                "sha256:c54a2c0dd4957776ace7f95879d81582298c5daf89e77fb8bee7378f132951de",
                "sha256:cbf28ae4b5af0f05aa6e7551cee304f1d317dbed1eb7ac1d827cee2f1ef97a99",
                "sha256:d35f7a3a6cefec82bfdad2785e78359a0e6a5fbb3f605dd5623ce88082ccd681",
                "sha256:d3c59549f90a891691991c17f8e58c8544060fdf3ccdea267100fa5f561ff62f",
                "sha256:d7ae7a0576b06cb8e8a1c265a8bc4b73d05fdee6429bffc9a26a6eb531e79d72",
                "sha256:ecf4d0b56ee394a0984de15bceeb97cbe1fe485f1ac205121293fc44dcf3f31f",
                "sha256:f0e25bb91e7a02efccb50aba6591d3fe2c725479e34769802fcdd4076abfa917",
                "sha256:f23951a53d18398ef1344c186fb04b26163ca6ce449ebd23404b153fd111ded9",
                "sha256:ff7d241f866b718e4584fa95f520cb19405220c501bd3a53ee11871ba5166ea2"
            ],
            "version": "==2.10.0"
        },
        "idna": {
            "hashes": [
                "sha256:b307872f855b18632ce0c21c5e45be78c0ea7ae4c15c828c20788b26921eb3f6",
                "sha256:b97d804b1e9b523befed77c48dacec60e6dcb0b5391d57af6a65a312a90648c0"
            ],
            "version": "==2.10"
        },
        "keras": {
            "hashes": [
                "sha256:05e2faf6885f7899482a7d18fc00ba9655fe2c9296a35ad96949a07a9c27d1bb",
                "sha256:fedd729b52572fb108a98e3d97e1bac10a81d3917d2103cc20ab2a5f03beb973"
            ],
            "index": "pypi",
            "version": "==2.4.3"
        },
        "keras-applications": {
            "hashes": [
                "sha256:5579f9a12bcde9748f4a12233925a59b93b73ae6947409ff34aa2ba258189fe5",
                "sha256:df4323692b8c1174af821bf906f1e442e63fa7589bf0f1230a0b6bdc5a810c95"
            ],
            "index": "pypi",
            "version": "==1.0.8"
        },
        "keras-preprocessing": {
            "hashes": [
                "sha256:7b82029b130ff61cc99b55f3bd27427df4838576838c5b2f65940e4fcec99a7b",
                "sha256:add82567c50c8bc648c14195bf544a5ce7c1f76761536956c3d2978970179ef3"
            ],
            "version": "==1.1.2"
        },
        "markdown": {
            "hashes": [
                "sha256:31b5b491868dcc87d6c24b7e3d19a0d730d59d3e46f4eea6430a321bed387a49",
                "sha256:96c3ba1261de2f7547b46a00ea8463832c921d3f9d6aba3f255a6f71386db20c"
            ],
            "version": "==3.3.4"
        },
        "numpy": {
            "hashes": [
                "sha256:012426a41bc9ab63bb158635aecccc7610e3eff5d31d1eb43bc099debc979d94",
                "sha256:06fab248a088e439402141ea04f0fffb203723148f6ee791e9c75b3e9e82f080",
                "sha256:0eef32ca3132a48e43f6a0f5a82cb508f22ce5a3d6f67a8329c81c8e226d3f6e",
                "sha256:1ded4fce9cfaaf24e7a0ab51b7a87be9038ea1ace7f34b841fe3b6894c721d1c",
                "sha256:2e55195bc1c6b705bfd8ad6f288b38b11b1af32f3c8289d6c50d47f950c12e76",
                "sha256:2ea52bd92ab9f768cc64a4c3ef8f4b2580a17af0a5436f6126b08efbd1838371",
                "sha256:36674959eed6957e61f11c912f71e78857a8d0604171dfd9ce9ad5cbf41c511c",
                "sha256:384ec0463d1c2671170901994aeb6dce126de0a95ccc3976c43b0038a37329c2",
                "sha256:39b70c19ec771805081578cc936bbe95336798b7edf4732ed102e7a43ec5c07a",
                "sha256:400580cbd3cff6ffa6293df2278c75aef2d58d8d93d3c5614cd67981dae68ceb",
                "sha256:43d4c81d5ffdff6bae58d66a3cd7f54a7acd9a0e7b18d97abb255defc09e3140",
                "sha256:50a4a0ad0111cc1b71fa32dedd05fa239f7fb5a43a40663269bb5dc7877cfd28",
                "sha256:603aa0706be710eea8884af807b1b3bc9fb2e49b9f4da439e76000f3b3c6ff0f",
                "sha256:6149a185cece5ee78d1d196938b2a8f9d09f5a5ebfbba66969302a778d5ddd1d",
                "sha256:759e4095edc3c1b3ac031f34d9459fa781777a93ccc633a472a5468587a190ff",
                "sha256:7fb43004bce0ca31d8f13a6eb5e943fa73371381e53f7074ed21a4cb786c32f8",
                "sha256:811daee36a58dc79cf3d8bdd4a490e4277d0e4b7d103a001a4e73ddb48e7e6aa",
                "sha256:8b5e972b43c8fc27d56550b4120fe6257fdc15f9301914380b27f74856299fea",
                "sha256:99abf4f353c3d1a0c7a5f27699482c987cf663b1eac20db59b8c7b061eabd7fc",
                "sha256:a0d53e51a6cb6f0d9082decb7a4cb6dfb33055308c4c44f53103c073f649af73",
                "sha256:a12ff4c8ddfee61f90a1633a4c4afd3f7bcb32b11c52026c92a12e1325922d0d",
                "sha256:a4646724fba402aa7504cd48b4b50e783296b5e10a524c7a6da62e4a8ac9698d",
                "sha256:a76f502430dd98d7546e1ea2250a7360c065a5fdea52b2dffe8ae7180909b6f4",
                "sha256:a9d17f2be3b427fbb2bce61e596cf555d6f8a56c222bd2ca148baeeb5e5c783c",
                "sha256:ab83f24d5c52d60dbc8cd0528759532736b56db58adaa7b5f1f76ad551416a1e",
                "sha256:aeb9ed923be74e659984e321f609b9ba54a48354bfd168d21a2b072ed1e833ea",
                "sha256:c843b3f50d1ab7361ca4f0b3639bf691569493a56808a0b0c54a051d260b7dbd",
                "sha256:cae865b1cae1ec2663d8ea56ef6ff185bad091a5e33ebbadd98de2cfa3fa668f",
                "sha256:cc6bd4fd593cb261332568485e20a0712883cf631f6f5e8e86a52caa8b2b50ff",
                "sha256:cf2402002d3d9f91c8b01e66fbb436a4ed01c6498fffed0e4c7566da1d40ee1e",
                "sha256:d051ec1c64b85ecc69531e1137bb9751c6830772ee5c1c426dbcfe98ef5788d7",
                "sha256:d6631f2e867676b13026e2846180e2c13c1e11289d67da08d71cacb2cd93d4aa",
                "sha256:dbd18bcf4889b720ba13a27ec2f2aac1981bd41203b3a3b27ba7a33f88ae4827",
                "sha256:df609c82f18c5b9f6cb97271f03315ff0dbe481a2a02e56aeb1b1a985ce38e60"
            ],
            "index": "pypi",
            "version": "==1.19.5"
        },
        "oauthlib": {
            "hashes": [
                "sha256:bee41cc35fcca6e988463cacc3bcb8a96224f470ca547e697b604cc697b2f889",
                "sha256:df884cd6cbe20e32633f1db1072e9356f53638e4361bef4e8b03c9127c9328ea"
            ],
            "version": "==3.1.0"
        },
        "opt-einsum": {
            "hashes": [
                "sha256:2455e59e3947d3c275477df7f5205b30635e266fe6dc300e3d9f9646bfcea147",
                "sha256:59f6475f77bbc37dcf7cd748519c0ec60722e91e63ca114e68821c0c54a46549"
            ],
            "version": "==3.3.0"
        },
        "pillow": {
            "hashes": [
                "sha256:01425106e4e8cee195a411f729cff2a7d61813b0b11737c12bd5991f5f14bcd5",
                "sha256:031a6c88c77d08aab84fecc05c3cde8414cd6f8406f4d2b16fed1e97634cc8a4",
                "sha256:083781abd261bdabf090ad07bb69f8f5599943ddb539d64497ed021b2a67e5a9",
                "sha256:0d19d70ee7c2ba97631bae1e7d4725cdb2ecf238178096e8c82ee481e189168a",
                "sha256:0e04d61f0064b545b989126197930807c86bcbd4534d39168f4aa5fda39bb8f9",
                "sha256:12e5e7471f9b637762453da74e390e56cc43e486a88289995c1f4c1dc0bfe727",
                "sha256:22fd0f42ad15dfdde6c581347eaa4adb9a6fc4b865f90b23378aa7914895e120",
                "sha256:238c197fc275b475e87c1453b05b467d2d02c2915fdfdd4af126145ff2e4610c",
                "sha256:3b570f84a6161cf8865c4e08adf629441f56e32f180f7aa4ccbd2e0a5a02cba2",
                "sha256:463822e2f0d81459e113372a168f2ff59723e78528f91f0bd25680ac185cf797",
                "sha256:4d98abdd6b1e3bf1a1cbb14c3895226816e666749ac040c4e2554231068c639b",
                "sha256:5afe6b237a0b81bd54b53f835a153770802f164c5570bab5e005aad693dab87f",
                "sha256:5b70110acb39f3aff6b74cf09bb4169b167e2660dabc304c1e25b6555fa781ef",
                "sha256:5cbf3e3b1014dddc45496e8cf38b9f099c95a326275885199f427825c6522232",
                "sha256:624b977355cde8b065f6d51b98497d6cd5fbdd4f36405f7a8790e3376125e2bb",
                "sha256:63728564c1410d99e6d1ae8e3b810fe012bc440952168af0a2877e8ff5ab96b9",
                "sha256:66cc56579fd91f517290ab02c51e3a80f581aba45fd924fcdee01fa06e635812",
                "sha256:6c32cc3145928c4305d142ebec682419a6c0a8ce9e33db900027ddca1ec39178",
                "sha256:8bb1e155a74e1bfbacd84555ea62fa21c58e0b4e7e6b20e4447b8d07990ac78b",
                "sha256:95d5ef984eff897850f3a83883363da64aae1000e79cb3c321915468e8c6add5",
                "sha256:a013cbe25d20c2e0c4e85a9daf438f85121a4d0344ddc76e33fd7e3965d9af4b",
                "sha256:a787ab10d7bb5494e5f76536ac460741788f1fbce851068d73a87ca7c35fc3e1",
                "sha256:a7d5e9fad90eff8f6f6106d3b98b553a88b6f976e51fce287192a5d2d5363713",
                "sha256:aac00e4bc94d1b7813fe882c28990c1bc2f9d0e1aa765a5f2b516e8a6a16a9e4",
                "sha256:b91c36492a4bbb1ee855b7d16fe51379e5f96b85692dc8210831fbb24c43e484",
                "sha256:c03c07ed32c5324939b19e36ae5f75c660c81461e312a41aea30acdd46f93a7c",
                "sha256:c5236606e8570542ed424849f7852a0ff0bce2c4c8d0ba05cc202a5a9c97dee9",
                "sha256:c6b39294464b03457f9064e98c124e09008b35a62e3189d3513e5148611c9388",
                "sha256:cb7a09e173903541fa888ba010c345893cd9fc1b5891aaf060f6ca77b6a3722d",
                "sha256:d68cb92c408261f806b15923834203f024110a2e2872ecb0bd2a110f89d3c602",
                "sha256:dc38f57d8f20f06dd7c3161c59ca2c86893632623f33a42d592f097b00f720a9",
                "sha256:e98eca29a05913e82177b3ba3d198b1728e164869c613d76d0de4bde6768a50e",
                "sha256:f217c3954ce5fd88303fc0c317af55d5e0204106d86dea17eb8205700d47dec2"
            ],
            "index": "pypi",
            "version": "==8.2.0"
        },
        "protobuf": {
            "hashes": [
                "sha256:0277f62b1e42210cafe79a71628c1d553348da81cbd553402a7f7549c50b11d0",
                "sha256:07eec4e2ccbc74e95bb9b3afe7da67957947ee95bdac2b2e91b038b832dd71f0",
                "sha256:1c0e9e56202b9dccbc094353285a252e2b7940b74fdf75f1b4e1b137833fabd7",
                "sha256:1f0b5d156c3df08cc54bc2c8b8b875648ea4cd7ebb2a9a130669f7547ec3488c",
                "sha256:2dc0e8a9e4962207bdc46a365b63a3f1aca6f9681a5082a326c5837ef8f4b745",
                "sha256:3053f13207e7f13dc7be5e9071b59b02020172f09f648e85dc77e3fcb50d1044",
                "sha256:4a054b0b5900b7ea7014099e783fb8c4618e4209fffcd6050857517b3f156e18",
                "sha256:510e66491f1a5ac5953c908aa8300ec47f793130097e4557482803b187a8ee05",
                "sha256:5ff9fa0e67fcab442af9bc8d4ec3f82cb2ff3be0af62dba047ed4187f0088b7d",
                "sha256:90270fe5732c1f1ff664a3bd7123a16456d69b4e66a09a139a00443a32f210b8",
                "sha256:a0a08c6b2e6d6c74a6eb5bf6184968eefb1569279e78714e239d33126e753403",
                "sha256:c5566f956a26cda3abdfacc0ca2e21db6c9f3d18f47d8d4751f2209d6c1a5297",
                "sha256:dab75b56a12b1ceb3e40808b5bd9dfdaef3a1330251956e6744e5b6ed8f8830b",
                "sha256:efa4c4d4fc9ba734e5e85eaced70e1b63fb3c8d08482d839eb838566346f1737",
                "sha256:f17b352d7ce33c81773cf81d536ca70849de6f73c96413f17309f4b43ae7040b",
                "sha256:f42c2f5fb67da5905bfc03733a311f72fa309252bcd77c32d1462a1ad519521e",
                "sha256:f6077db37bfa16494dca58a4a02bfdacd87662247ad6bc1f7f8d13ff3f0013e1",
                "sha256:f80afc0a0ba13339bbab25ca0409e9e2836b12bb012364c06e97c2df250c3343",
                "sha256:f9cadaaa4065d5dd4d15245c3b68b967b3652a3108e77f292b58b8c35114b56c",
                "sha256:fad4f971ec38d8df7f4b632c819bf9bbf4f57cfd7312cf526c69ce17ef32436a"
            ],
            "version": "==3.15.8"
        },
        "pyasn1": {
            "hashes": [
                "sha256:39c7e2ec30515947ff4e87fb6f456dfc6e84857d34be479c9d4a4ba4bf46aa5d",
                "sha256:aef77c9fb94a3ac588e87841208bdec464471d9871bd5050a287cc9a475cd0ba"
            ],
            "version": "==0.4.8"
        },
        "pyasn1-modules": {
            "hashes": [
                "sha256:905f84c712230b2c592c19470d3ca8d552de726050d1d1716282a1f6146be65e",
                "sha256:a50b808ffeb97cb3601dd25981f6b016cbb3d31fbf57a8b8a87428e6158d0c74"
            ],
            "version": "==0.2.8"
        },
        "pyyaml": {
            "hashes": [
                "sha256:08682f6b72c722394747bddaf0aa62277e02557c0fd1c42cb853016a38f8dedf",
                "sha256:0f5f5786c0e09baddcd8b4b45f20a7b5d61a7e7e99846e3c799b05c7c53fa696",
                "sha256:129def1b7c1bf22faffd67b8f3724645203b79d8f4cc81f674654d9902cb4393",
                "sha256:294db365efa064d00b8d1ef65d8ea2c3426ac366c0c4368d930bf1c5fb497f77",
                "sha256:3b2b1824fe7112845700f815ff6a489360226a5609b96ec2190a45e62a9fc922",
                "sha256:3bd0e463264cf257d1ffd2e40223b197271046d09dadf73a0fe82b9c1fc385a5",
                "sha256:4465124ef1b18d9ace298060f4eccc64b0850899ac4ac53294547536533800c8",
                "sha256:49d4cdd9065b9b6e206d0595fee27a96b5dd22618e7520c33204a4a3239d5b10",
                "sha256:4e0583d24c881e14342eaf4ec5fbc97f934b999a6828693a99157fde912540cc",
                "sha256:5accb17103e43963b80e6f837831f38d314a0495500067cb25afab2e8d7a4018",
                "sha256:607774cbba28732bfa802b54baa7484215f530991055bb562efbed5b2f20a45e",
                "sha256:6c78645d400265a062508ae399b60b8c167bf003db364ecb26dcab2bda048253",
                "sha256:72a01f726a9c7851ca9bfad6fd09ca4e090a023c00945ea05ba1638c09dc3347",
                "sha256:74c1485f7707cf707a7aef42ef6322b8f97921bd89be2ab6317fd782c2d53183",
                "sha256:895f61ef02e8fed38159bb70f7e100e00f471eae2bc838cd0f4ebb21e28f8541",
                "sha256:8c1be557ee92a20f184922c7b6424e8ab6691788e6d86137c5d93c1a6ec1b8fb",
                "sha256:bb4191dfc9306777bc594117aee052446b3fa88737cd13b7188d0e7aa8162185",
                "sha256:bfb51918d4ff3d77c1c856a9699f8492c612cde32fd3bcd344af9be34999bfdc",
                "sha256:c20cfa2d49991c8b4147af39859b167664f2ad4561704ee74c1de03318e898db",
                "sha256:cb333c16912324fd5f769fff6bc5de372e9e7a202247b48870bc251ed40239aa",
                "sha256:d2d9808ea7b4af864f35ea216be506ecec180628aced0704e34aca0b040ffe46",
                "sha256:d483ad4e639292c90170eb6f7783ad19490e7a8defb3e46f97dfe4bacae89122",
                "sha256:dd5de0646207f053eb0d6c74ae45ba98c3395a571a2891858e87df7c9b9bd51b",
                "sha256:e1d4970ea66be07ae37a3c2e48b5ec63f7ba6804bdddfdbd3cfd954d25a82e63",
                "sha256:e4fac90784481d221a8e4b1162afa7c47ed953be40d31ab4629ae917510051df",
                "sha256:fa5ae20527d8e831e8230cbffd9f8fe952815b2b7dae6ffec25318803a7528fc",
                "sha256:fd7f6999a8070df521b6384004ef42833b9bd62cfee11a09bda1079b4b704247",
                "sha256:fdc842473cd33f45ff6bce46aea678a54e3d21f1b61a7750ce3c498eedfe25d6",
                "sha256:fe69978f3f768926cfa37b867e3843918e012cf83f680806599ddce33c2c68b0"
            ],
            "version": "==5.4.1"
        },
        "requests": {
            "hashes": [
                "sha256:27973dd4a904a4f13b263a19c866c13b92a39ed1c964655f025f3f8d3d75b804",
                "sha256:c210084e36a42ae6b9219e00e48287def368a26d03a048ddad7bfee44f75871e"
            ],
            "version": "==2.25.1"
        },
        "requests-oauthlib": {
            "hashes": [
                "sha256:7f71572defaecd16372f9006f33c2ec8c077c3cfa6f5911a9a90202beb513f3d",
                "sha256:b4261601a71fd721a8bd6d7aa1cc1d6a8a93b4a9f5e96626f8e4d91e8beeaa6a"
            ],
            "version": "==1.3.0"
        },
        "rsa": {
            "hashes": [
                "sha256:78f9a9bf4e7be0c5ded4583326e7461e3a3c5aae24073648b4bdfa797d78c9d2",
                "sha256:9d689e6ca1b3038bc82bf8d23e944b6b6037bc02301a574935b2dd946e0353b9"
            ],
            "markers": "python_version >= '3.6'",
            "version": "==4.7.2"
        },
        "scipy": {
            "hashes": [
                "sha256:01b38dec7e9f897d4db04f8de4e20f0f5be3feac98468188a0f47a991b796055",
                "sha256:10dbcc7de03b8d635a1031cb18fd3eaa997969b64fdf78f99f19ac163a825445",
                "sha256:19aeac1ad3e57338723f4657ac8520f41714804568f2e30bd547d684d72c392e",
                "sha256:1b21c6e0dc97b1762590b70dee0daddb291271be0580384d39f02c480b78290a",
                "sha256:1caade0ede6967cc675e235c41451f9fb89ae34319ddf4740194094ab736b88d",
                "sha256:23995dfcf269ec3735e5a8c80cfceaf384369a47699df111a6246b83a55da582",
                "sha256:2a799714bf1f791fb2650d73222b248d18d53fd40d6af2df2c898db048189606",
                "sha256:3274ce145b5dc416c49c0cf8b6119f787f0965cd35e22058fe1932c09fe15d77",
                "sha256:33d1677d46111cfa1c84b87472a0274dde9ef4a7ef2e1f155f012f5f1e995d8f",
                "sha256:44d452850f77e65e25b1eb1ac01e25770323a782bfe3a1a3e43847ad4266d93d",
                "sha256:9e3302149a369697c6aaea18b430b216e3c88f9a61b62869f6104881e5f9ef85",
                "sha256:a75b014d3294fce26852a9d04ea27b5671d86736beb34acdfc05859246260707",
                "sha256:ad7269254de06743fb4768f658753de47d8b54e4672c5ebe8612a007a088bd48",
                "sha256:b30280fbc1fd8082ac822994a98632111810311a9ece71a0e48f739df3c555a2",
                "sha256:b79104878003487e2b4639a20b9092b02e1bad07fc4cf924b495cf413748a777",
                "sha256:d449d40e830366b4c612692ad19fbebb722b6b847f78a7b701b1e0d6cda3cc13",
                "sha256:d647757373985207af3343301d89fe738d5a294435a4f2aafb04c13b4388c896",
                "sha256:f68eb46b86b2c246af99fcaa6f6e37c7a7a413e1084a794990b877f2ff71f7b6",
                "sha256:fdf606341cd798530b05705c87779606fcdfaf768a8129c348ea94441da15b04"
            ],
            "version": "==1.6.3"
        },
        "six": {
            "hashes": [
                "sha256:30639c035cdb23534cd4aa2dd52c3bf48f06e5f4a941509c8bafd8ce11080259",
                "sha256:8b74bedcbbbaca38ff6d7491d76f2b06b3592611af620f8426e82dddb04a5ced"
            ],
            "version": "==1.15.0"
        },
        "tensorboard": {
            "hashes": [
                "sha256:e167460085b6528956b33bab1c970c989cdce47a6616273880733f5e7bde452e"
            ],
            "version": "==2.5.0"
        },
        "tensorboard-data-server": {
            "hashes": [
                "sha256:2d723d73e3a3b0a4498f56c64c39e2e26ac192414891df22c9f152b7058fd6bc",
                "sha256:a4b8e1c3fc85237b3afeef450db06c9a9b25f5854ad27c21667a90808acd1822",
                "sha256:b620e520d3d535ceb896557acca0029fd7fd2f9f408af35abc2d2dad91f0345d"
            ],
            "version": "==0.6.0"
        },
        "tensorboard-plugin-wit": {
            "hashes": [
                "sha256:2a80d1c551d741e99b2f197bb915d8a133e24adb8da1732b840041860f91183a"
            ],
            "version": "==1.8.0"
        },
        "tensorflow": {
            "hashes": [
                "sha256:0e427b1350be6dbe572f971947c5596fdbb152081f227808d8becd894bf40282",
                "sha256:22723b8e1fa83b34f56c349b16a57aaff913b404451fcf70981f2b1d6e0c64fc",
                "sha256:2357112319303da1b5459a621fd0503c2b2cd97b6c33c4903abd46b3c3e380e2",
                "sha256:36d5acd60aac48e34bd545d0ce1fb8b3fceebff6b8782436defd0f71c12203bd",
                "sha256:4a04081647b89a8fb602895b29ffc559e3c20aac8bde1d4c5ecd2a65adce5d35",
                "sha256:55368ba0bedb513ba0e36a2543a588b5276e9b2ca99fa3232a9a176601a7bab5",
                "sha256:e1f2799cc86861680d8515167f103e2207a8cab92a4afe5471e4839330591f08",
                "sha256:eedcf578afde5e6e69c75d796bed41093451cd1ab54afb438760e40fb74a09de",
                "sha256:efa9daa4b3701a4e439b24b74c1e4b66844aee8ae5263fb3cc12281ac9cc9f67"
            ],
            "index": "pypi",
            "version": "==2.4.1"
        },
        "tensorflow-estimator": {
            "hashes": [
                "sha256:5b7b7bf2debe19a8794adacc43e8ba6459daa4efaf54d3302623994a359b17f0"
            ],
            "version": "==2.4.0"
        },
        "termcolor": {
            "hashes": [
                "sha256:1d6d69ce66211143803fbc56652b41d73b4a400a2891d7bf7a1cdf4c02de613b"
            ],
            "version": "==1.1.0"
        },
        "typing-extensions": {
            "hashes": [
                "sha256:7cb407020f00f7bfc3cb3e7881628838e69d8f3fcab2f64742a5e76b2f841918",
                "sha256:99d4073b617d30288f569d3f13d2bd7548c3a7e4c8de87db09a9d29bb3a4a60c",
                "sha256:dafc7639cde7f1b6e1acc0f457842a83e722ccca8eef5270af2d74792619a89f"
            ],
            "version": "==3.7.4.3"
        },
        "urllib3": {
            "hashes": [
                "sha256:2f4da4594db7e1e110a944bb1b551fdf4e6c136ad42e4234131391e21eb5b0df",
                "sha256:e7b021f7241115872f92f43c6508082facffbd1c048e3c6e2bb9c2a157e28937"
            ],
            "version": "==1.26.4"
        },
        "werkzeug": {
            "hashes": [
                "sha256:2de2a5db0baeae7b2d2664949077c2ac63fbd16d98da0ff71837f7d1dea3fd43",
                "sha256:6c80b1e5ad3665290ea39320b91e1be1e0d5f60652b964a3070216de83d2e47c"
            ],
            "version": "==1.0.1"
        },
        "wheel": {
            "hashes": [
                "sha256:78b5b185f0e5763c26ca1e324373aadd49182ca90e825f7853f4b2509215dc0e",
                "sha256:e11eefd162658ea59a60a0f6c7d493a7190ea4b9a85e335b33489d9f17e0245e"
            ],
            "markers": "python_version >= '3'",
            "version": "==0.36.2"
        },
        "wrapt": {
            "hashes": [
                "sha256:b62ffa81fb85f4332a4f609cab4ac40709470da05643a082ec1eb88e6d9b97d7"
            ],
            "version": "==1.12.1"
        }
    },
    "develop": {}
}
